{
  "version": 4,
  "terraform_version": "1.7.0",
  "serial": 4,
  "lineage": "86919275-4bac-c8f4-0df6-deb62e87aa5b",
  "outputs": {},
  "resources": [
    {
      "mode": "managed",
      "type": "aws_instance",
      "name": "logical-web",
      "provider": "provider[\"registry.terraform.io/hashicorp/aws\"]",
      "instances": [
        {
          "schema_version": 1,
          "attributes": {
            "ami": "ami-00952f27cf14db9cd",
            "arn": "arn:aws:ec2:ap-south-1:313897473255:instance/i-0975f88fdff9acb4f",
            "associate_public_ip_address": true,
            "availability_zone": "ap-south-1a",
            "capacity_reservation_specification": [
              {
                "capacity_reservation_preference": "open",
                "capacity_reservation_target": []
              }
            ],
            "cpu_core_count": 1,
            "cpu_options": [
              {
                "amd_sev_snp": "",
                "core_count": 1,
                "threads_per_core": 1
              }
            ],
            "cpu_threads_per_core": 1,
            "credit_specification": [
              {
                "cpu_credits": "standard"
              }
            ],
            "disable_api_stop": false,
            "disable_api_termination": false,
            "ebs_block_device": [],
            "ebs_optimized": false,
            "enclave_options": [
              {
                "enabled": false
              }
            ],
            "ephemeral_block_device": [],
            "get_password_data": false,
            "hibernation": false,
            "host_id": "",
            "host_resource_group_arn": null,
            "iam_instance_profile": "",
            "id": "i-0975f88fdff9acb4f",
            "instance_initiated_shutdown_behavior": "stop",
            "instance_lifecycle": "",
            "instance_market_options": [],
            "instance_state": "running",
            "instance_type": "t2.micro",
            "ipv6_address_count": 0,
            "ipv6_addresses": [],
            "key_name": "",
            "launch_template": [],
            "maintenance_options": [
              {
                "auto_recovery": "default"
              }
            ],
            "metadata_options": [
              {
                "http_endpoint": "enabled",
                "http_protocol_ipv6": "disabled",
                "http_put_response_hop_limit": 2,
                "http_tokens": "required",
                "instance_metadata_tags": "disabled"
              }
            ],
            "monitoring": false,
            "network_interface": [],
            "outpost_arn": "",
            "password_data": "",
            "placement_group": "",
            "placement_partition_number": 0,
            "primary_network_interface_id": "eni-045eb719e5727b40d",
            "private_dns": "ip-172-31-44-133.ap-south-1.compute.internal",
            "private_dns_name_options": [
              {
                "enable_resource_name_dns_a_record": false,
                "enable_resource_name_dns_aaaa_record": false,
                "hostname_type": "ip-name"
              }
            ],
            "private_ip": "172.31.44.133",
            "public_dns": "ec2-3-111-188-5.ap-south-1.compute.amazonaws.com",
            "public_ip": "3.111.188.5",
            "root_block_device": [
              {
                "delete_on_termination": true,
                "device_name": "/dev/xvda",
                "encrypted": false,
                "iops": 3000,
                "kms_key_id": "",
                "tags": {},
                "throughput": 125,
                "volume_id": "vol-06842e6df6ad8c93a",
                "volume_size": 8,
                "volume_type": "gp3"
              }
            ],
            "secondary_private_ips": [],
            "security_groups": [
              "default"
            ],
            "source_dest_check": true,
            "spot_instance_request_id": "",
            "subnet_id": "subnet-07fa90d35a2e2f0d5",
            "tags": {
              "Name": "ASFI-TERRA"
            },
            "tags_all": {
              "Name": "ASFI-TERRA"
            },
            "tenancy": "default",
            "timeouts": null,
            "user_data": null,
            "user_data_base64": null,
            "user_data_replace_on_change": false,
            "volume_tags": null,
            "vpc_security_group_ids": [
              "sg-039a4b79259d6c947"
            ]
          },
          "sensitive_attributes": [],
          "private": "eyJlMmJmYjczMC1lY2FhLTExZTYtOGY4OC0zNDM2M2JjN2M0YzAiOnsiY3JlYXRlIjo2MDAwMDAwMDAwMDAsImRlbGV0ZSI6MTIwMDAwMDAwMDAwMCwidXBkYXRlIjo2MDAwMDAwMDAwMDB9LCJzY2hlbWFfdmVyc2lvbiI6IjEifQ=="
        }
      ]
    },
    {
      "mode": "managed",
      "type": "aws_key_pair",
      "name": "deployer",
      "provider": "provider[\"registry.terraform.io/hashicorp/aws\"]",
      "instances": [
        {
          "schema_version": 1,
          "attributes": {
            "arn": "arn:aws:ec2:ap-south-1:313897473255:key-pair/ASFI-KEY",
            "fingerprint": "a9:7d:46:b3:51:f0:89:ec:d0:c9:4d:56:69:7c:7c:b9",
            "id": "ASFI-KEY",
            "key_name": "ASFI-KEY",
            "key_name_prefix": "",
            "key_pair_id": "key-0d99decc3bc0c3aaa",
            "key_type": "rsa",
            "public_key": "ssh-rsa AAAAB3NzaC1yc2EAAAADAQABAAABgQDbfBiOWAXVijUydGADDc/Oa00P52YXy138A6pcPp82Jf3nH9raccAMklf+SiwFRJoDD+CF4paZqGqLIV5Bk1O7Rw1CS2tjOAWvBZkhDIRfwZvivttKonk1ymThLqOyFco5oCi9/BJ6uaTH3+acu6ZeKjJBr6GrRaA0P+16KAX58nUZpYmhvqj7RY/0+kZcErBQvERI8bkkpWv8PMdyvZDkFKYUdnBYFP3TdPjk4HwYB1Cq7ILS2lE1cjDLYTgKQAbtYNOrMSPfyNZDVJwJ4uQilcw4Qyd8fnrkiYE1JEHaCi5RZr5b2IV4+3t16p9EAtzjj7aIFu2UNKmA9RgRjmljs5QhxesR1mIw17l6YWEVlPS9ohy2EhaFbThhKFXsFW0i8C6+OT3vfKAy56P5mNpHOfaA25Nan3b1V70q9prxF7JIN9yOrUGn7BY6EmthncGvkKEmAlvGubkbVp6nnonD9tjmM0LTOzGulyo2zhzBIFG+rrd5F94JG4WkEw0Veis=",
            "tags": null,
            "tags_all": {}
          },
          "sensitive_attributes": [],
          "private": "eyJzY2hlbWFfdmVyc2lvbiI6IjEifQ=="
        }
      ]
    },
    {
      "mode": "managed",
      "type": "aws_security_group",
      "name": "allow_tls",
      "provider": "provider[\"registry.terraform.io/hashicorp/aws\"]",
      "instances": [
        {
          "schema_version": 1,
          "attributes": {
            "arn": "arn:aws:ec2:ap-south-1:313897473255:security-group/sg-0b4bfba688d8ef854",
            "description": "Allow TLS inbound traffic and all outbound traffic",
            "egress": [
              {
                "cidr_blocks": [
                  "0.0.0.0/0"
                ],
                "description": "",
                "from_port": 443,
                "ipv6_cidr_blocks": [],
                "prefix_list_ids": [],
                "protocol": "tcp",
                "security_groups": [],
                "self": false,
                "to_port": 443
              }
            ],
            "id": "sg-0b4bfba688d8ef854",
            "ingress": [
              {
                "cidr_blocks": [
                  "0.0.0.0/0"
                ],
                "description": "",
                "from_port": 80,
                "ipv6_cidr_blocks": [],
                "prefix_list_ids": [],
                "protocol": "tcp",
                "security_groups": [],
                "self": false,
                "to_port": 80
              }
            ],
            "name": "ASFI-SG",
            "name_prefix": "",
            "owner_id": "313897473255",
            "revoke_rules_on_delete": false,
            "tags": {
              "Name": "ASFI-SG"
            },
            "tags_all": {
              "Name": "ASFI-SG"
            },
            "timeouts": null,
            "vpc_id": "vpc-08cc066fb89d9b742"
          },
          "sensitive_attributes": [],
          "private": "eyJlMmJmYjczMC1lY2FhLTExZTYtOGY4OC0zNDM2M2JjN2M0YzAiOnsiY3JlYXRlIjo2MDAwMDAwMDAwMDAsImRlbGV0ZSI6OTAwMDAwMDAwMDAwfSwic2NoZW1hX3ZlcnNpb24iOiIxIn0="
        }
      ]
    }
  ],
  "check_results": null
}
